{
  "pins" : [
    {
      "identity" : "alerttoast",
      "kind" : "remoteSourceControl",
      "location" : "https://github.com/elai950/AlertToast.git",
      "state" : {
        "revision" : "a4f4267f6454259ba4ed8f9dadb87334a789c26c",
        "version" : "1.3.7"
      }
    },
    {
      "identity" : "loadingbutton",
      "kind" : "remoteSourceControl",
      "location" : "https://github.com/Changemin/LoadingButton",
      "state" : {
        "revision" : "5045668df822a04c248a9b40aca888a4d37f275a",
        "version" : "1.1.2"
      }
    },
    {
      "identity" : "sdwebimage",
      "kind" : "remoteSourceControl",
      "location" : "https://github.com/SDWebImage/SDWebImage.git",
      "state" : {
        "revision" : "2e63d0061da449ad0ed130768d05dceb1496de44",
        "version" : "5.12.5"
      }
    },
    {
      "identity" : "sdwebimageswiftui",
      "kind" : "remoteSourceControl",
      "location" : "https://github.com/SDWebImage/SDWebImageSwiftUI.git",
      "state" : {
        "branch" : "master",
        "revision" : "336d3f6d3b53729c1f274bf6b75f4532ada116eb"
      }
    },
    {
      "identity" : "slideovercard",
      "kind" : "remoteSourceControl",
      "location" : "https://github.com/joogps/SlideOverCard.git",
      "state" : {
        "revision" : "ddafedae02dc5423aa872b274d9011412dc4837f",
        "version" : "2.0.0"
      }
    }
  ],
  "version" : 2
}
